// !$*UTF8*$!
{
	archiveVersion = 1;
	classes = {
	};
	objectVersion = 50;
	objects = {

/* Begin PBXBuildFile section */
		F38AC7592345A98700B932D9 /* AppDelegate.swift in Sources */ = {isa = PBXBuildFile; fileRef = F38AC7582345A98700B932D9 /* AppDelegate.swift */; };
		F38AC75B2345A98700B932D9 /* SceneDelegate.swift in Sources */ = {isa = PBXBuildFile; fileRef = F38AC75A2345A98700B932D9 /* SceneDelegate.swift */; };
		F38AC75D2345A98800B932D9 /* ContentView.swift in Sources */ = {isa = PBXBuildFile; fileRef = F38AC75C2345A98800B932D9 /* ContentView.swift */; };
		F38AC75F2345A98F00B932D9 /* Assets.xcassets in Resources */ = {isa = PBXBuildFile; fileRef = F38AC75E2345A98F00B932D9 /* Assets.xcassets */; };
		F38AC7622345A98F00B932D9 /* Preview Assets.xcassets in Resources */ = {isa = PBXBuildFile; fileRef = F38AC7612345A98F00B932D9 /* Preview Assets.xcassets */; };
		F38AC7652345A98F00B932D9 /* LaunchScreen.storyboard in Resources */ = {isa = PBXBuildFile; fileRef = F38AC7632345A98F00B932D9 /* LaunchScreen.storyboard */; };
		F38AC7702345A98F00B932D9 /* CMU_ASATests.swift in Sources */ = {isa = PBXBuildFile; fileRef = F38AC76F2345A98F00B932D9 /* CMU_ASATests.swift */; };
		F38AC77B2345A98F00B932D9 /* CMU_ASAUITests.swift in Sources */ = {isa = PBXBuildFile; fileRef = F38AC77A2345A98F00B932D9 /* CMU_ASAUITests.swift */; };
/* End PBXBuildFile section */

/* Begin PBXContainerItemProxy section */
		F38AC76C2345A98F00B932D9 /* PBXContainerItemProxy */ = {
			isa = PBXContainerItemProxy;
			containerPortal = F38AC74D2345A98700B932D9 /* Project object */;
			proxyType = 1;
			remoteGlobalIDString = F38AC7542345A98700B932D9;
			remoteInfo = "CMU ASA";
		};
		F38AC7772345A98F00B932D9 /* PBXContainerItemProxy */ = {
			isa = PBXContainerItemProxy;
			containerPortal = F38AC74D2345A98700B932D9 /* Project object */;
			proxyType = 1;
			remoteGlobalIDString = F38AC7542345A98700B932D9;
			remoteInfo = "CMU ASA";
		};
/* End PBXContainerItemProxy section */

/* Begin PBXFileReference section */
		F38AC7552345A98700B932D9 /* CMU ASA.app */ = {isa = PBXFileReference; explicitFileType = wrapper.application; includeInIndex = 0; path = "CMU ASA.app"; sourceTree = BUILT_PRODUCTS_DIR; };
		F38AC7582345A98700B932D9 /* AppDelegate.swift */ = {isa = PBXFileReference; lastKnownFileType = sourcecode.swift; path = AppDelegate.swift; sourceTree = "<group>"; };
		F38AC75A2345A98700B932D9 /* SceneDelegate.swift */ = {isa = PBXFileReference; lastKnownFileType = sourcecode.swift; path = SceneDelegate.swift; sourceTree = "<group>"; };
		F38AC75C2345A98800B932D9 /* ContentView.swift */ = {isa = PBXFileReference; lastKnownFileType = sourcecode.swift; path = ContentView.swift; sourceTree = "<group>"; };
		F38AC75E2345A98F00B932D9 /* Assets.xcassets */ = {isa = PBXFileReference; lastKnownFileType = folder.assetcatalog; path = Assets.xcassets; sourceTree = "<group>"; };
		F38AC7612345A98F00B932D9 /* Preview Assets.xcassets */ = {isa = PBXFileReference; lastKnownFileType = folder.assetcatalog; path = "Preview Assets.xcassets"; sourceTree = "<group>"; };
		F38AC7642345A98F00B932D9 /* Base */ = {isa = PBXFileReference; lastKnownFileType = file.storyboard; name = Base; path = Base.lproj/LaunchScreen.storyboard; sourceTree = "<group>"; };
		F38AC7662345A98F00B932D9 /* Info.plist */ = {isa = PBXFileReference; lastKnownFileType = text.plist.xml; path = Info.plist; sourceTree = "<group>"; };
		F38AC76B2345A98F00B932D9 /* CMU ASATests.xctest */ = {isa = PBXFileReference; explicitFileType = wrapper.cfbundle; includeInIndex = 0; path = "CMU ASATests.xctest"; sourceTree = BUILT_PRODUCTS_DIR; };
		F38AC76F2345A98F00B932D9 /* CMU_ASATests.swift */ = {isa = PBXFileReference; lastKnownFileType = sourcecode.swift; path = CMU_ASATests.swift; sourceTree = "<group>"; };
		F38AC7712345A98F00B932D9 /* Info.plist */ = {isa = PBXFileReference; lastKnownFileType = text.plist.xml; path = Info.plist; sourceTree = "<group>"; };
		F38AC7762345A98F00B932D9 /* CMU ASAUITests.xctest */ = {isa = PBXFileReference; explicitFileType = wrapper.cfbundle; includeInIndex = 0; path = "CMU ASAUITests.xctest"; sourceTree = BUILT_PRODUCTS_DIR; };
		F38AC77A2345A98F00B932D9 /* CMU_ASAUITests.swift */ = {isa = PBXFileReference; lastKnownFileType = sourcecode.swift; path = CMU_ASAUITests.swift; sourceTree = "<group>"; };
		F38AC77C2345A98F00B932D9 /* Info.plist */ = {isa = PBXFileReference; lastKnownFileType = text.plist.xml; path = Info.plist; sourceTree = "<group>"; };
/* End PBXFileReference section */

/* Begin PBXFrameworksBuildPhase section */
		F38AC7522345A98700B932D9 /* Frameworks */ = {
			isa = PBXFrameworksBuildPhase;
			buildActionMask = 2147483647;
			files = (
			);
			runOnlyForDeploymentPostprocessing = 0;
		};
		F38AC7682345A98F00B932D9 /* Frameworks */ = {
			isa = PBXFrameworksBuildPhase;
			buildActionMask = 2147483647;
			files = (
			);
			runOnlyForDeploymentPostprocessing = 0;
		};
		F38AC7732345A98F00B932D9 /* Frameworks */ = {
			isa = PBXFrameworksBuildPhase;
			buildActionMask = 2147483647;
			files = (
			);
			runOnlyForDeploymentPostprocessing = 0;
		};
/* End PBXFrameworksBuildPhase section */

/* Begin PBXGroup section */
		F38AC74C2345A98700B932D9 = {
			isa = PBXGroup;
			children = (
				F38AC7572345A98700B932D9 /* CMU ASA */,
				F38AC76E2345A98F00B932D9 /* CMU ASATests */,
				F38AC7792345A98F00B932D9 /* CMU ASAUITests */,
				F38AC7562345A98700B932D9 /* Products */,
			);
			sourceTree = "<group>";
		};
		F38AC7562345A98700B932D9 /* Products */ = {
			isa = PBXGroup;
			children = (
				F38AC7552345A98700B932D9 /* CMU ASA.app */,
				F38AC76B2345A98F00B932D9 /* CMU ASATests.xctest */,
				F38AC7762345A98F00B932D9 /* CMU ASAUITests.xctest */,
			);
			name = Products;
			sourceTree = "<group>";
		};
		F38AC7572345A98700B932D9 /* CMU ASA */ = {
			isa = PBXGroup;
			children = (
				F38AC7582345A98700B932D9 /* AppDelegate.swift */,
				F38AC75A2345A98700B932D9 /* SceneDelegate.swift */,
				F38AC75C2345A98800B932D9 /* ContentView.swift */,
				F38AC75E2345A98F00B932D9 /* Assets.xcassets */,
				F38AC7632345A98F00B932D9 /* LaunchScreen.storyboard */,
				F38AC7662345A98F00B932D9 /* Info.plist */,
				F38AC7602345A98F00B932D9 /* Preview Content */,
			);
			path = "CMU ASA";
			sourceTree = "<group>";
		};
		F38AC7602345A98F00B932D9 /* Preview Content */ = {
			isa = PBXGroup;
			children = (
				F38AC7612345A98F00B932D9 /* Preview Assets.xcassets */,
			);
			path = "Preview Content";
			sourceTree = "<group>";
		};
		F38AC76E2345A98F00B932D9 /* CMU ASATests */ = {
			isa = PBXGroup;
			children = (
				F38AC76F2345A98F00B932D9 /* CMU_ASATests.swift */,
				F38AC7712345A98F00B932D9 /* Info.plist */,
			);
			path = "CMU ASATests";
			sourceTree = "<group>";
		};
		F38AC7792345A98F00B932D9 /* CMU ASAUITests */ = {
			isa = PBXGroup;
			children = (
				F38AC77A2345A98F00B932D9 /* CMU_ASAUITests.swift */,
				F38AC77C2345A98F00B932D9 /* Info.plist */,
			);
			path = "CMU ASAUITests";
			sourceTree = "<group>";
		};
/* End PBXGroup section */

/* Begin PBXNativeTarget section */
		F38AC7542345A98700B932D9 /* CMU ASA */ = {
			isa = PBXNativeTarget;
			buildConfigurationList = F38AC77F2345A98F00B932D9 /* Build configuration list for PBXNativeTarget "CMU ASA" */;
			buildPhases = (
				F38AC7512345A98700B932D9 /* Sources */,
				F38AC7522345A98700B932D9 /* Frameworks */,
				F38AC7532345A98700B932D9 /* Resources */,
			);
			buildRules = (
			);
			dependencies = (
			);
			name = "CMU ASA";
			productName = "CMU ASA";
			productReference = F38AC7552345A98700B932D9 /* CMU ASA.app */;
			productType = "com.apple.product-type.application";
		};
		F38AC76A2345A98F00B932D9 /* CMU ASATests */ = {
			isa = PBXNativeTarget;
			buildConfigurationList = F38AC7822345A98F00B932D9 /* Build configuration list for PBXNativeTarget "CMU ASATests" */;
			buildPhases = (
				F38AC7672345A98F00B932D9 /* Sources */,
				F38AC7682345A98F00B932D9 /* Frameworks */,
				F38AC7692345A98F00B932D9 /* Resources */,
			);
			buildRules = (
			);
			dependencies = (
				F38AC76D2345A98F00B932D9 /* PBXTargetDependency */,
			);
			name = "CMU ASATests";
			productName = "CMU ASATests";
			productReference = F38AC76B2345A98F00B932D9 /* CMU ASATests.xctest */;
			productType = "com.apple.product-type.bundle.unit-test";
		};
		F38AC7752345A98F00B932D9 /* CMU ASAUITests */ = {
			isa = PBXNativeTarget;
			buildConfigurationList = F38AC7852345A98F00B932D9 /* Build configuration list for PBXNativeTarget "CMU ASAUITests" */;
			buildPhases = (
				F38AC7722345A98F00B932D9 /* Sources */,
				F38AC7732345A98F00B932D9 /* Frameworks */,
				F38AC7742345A98F00B932D9 /* Resources */,
			);
			buildRules = (
			);
			dependencies = (
				F38AC7782345A98F00B932D9 /* PBXTargetDependency */,
			);
			name = "CMU ASAUITests";
			productName = "CMU ASAUITests";
			productReference = F38AC7762345A98F00B932D9 /* CMU ASAUITests.xctest */;
			productType = "com.apple.product-type.bundle.ui-testing";
		};
/* End PBXNativeTarget section */

/* Begin PBXProject section */
		F38AC74D2345A98700B932D9 /* Project object */ = {
			isa = PBXProject;
			attributes = {
				LastSwiftUpdateCheck = 1100;
				LastUpgradeCheck = 1100;
				ORGANIZATIONNAME = cmu_asa;
				TargetAttributes = {
					F38AC7542345A98700B932D9 = {
						CreatedOnToolsVersion = 11.0;
					};
					F38AC76A2345A98F00B932D9 = {
						CreatedOnToolsVersion = 11.0;
						TestTargetID = F38AC7542345A98700B932D9;
					};
					F38AC7752345A98F00B932D9 = {
						CreatedOnToolsVersion = 11.0;
						TestTargetID = F38AC7542345A98700B932D9;
					};
				};
			};
			buildConfigurationList = F38AC7502345A98700B932D9 /* Build configuration list for PBXProject "CMU ASA" */;
			compatibilityVersion = "Xcode 9.3";
			developmentRegion = en;
			hasScannedForEncodings = 0;
			knownRegions = (
				en,
				Base,
			);
			mainGroup = F38AC74C2345A98700B932D9;
			productRefGroup = F38AC7562345A98700B932D9 /* Products */;
			projectDirPath = "";
			projectRoot = "";
			targets = (
				F38AC7542345A98700B932D9 /* CMU ASA */,
				F38AC76A2345A98F00B932D9 /* CMU ASATests */,
				F38AC7752345A98F00B932D9 /* CMU ASAUITests */,
			);
		};
/* End PBXProject section */

/* Begin PBXResourcesBuildPhase section */
		F38AC7532345A98700B932D9 /* Resources */ = {
			isa = PBXResourcesBuildPhase;
			buildActionMask = 2147483647;
			files = (
				F38AC7652345A98F00B932D9 /* LaunchScreen.storyboard in Resources */,
				F38AC7622345A98F00B932D9 /* Preview Assets.xcassets in Resources */,
				F38AC75F2345A98F00B932D9 /* Assets.xcassets in Resources */,
			);
			runOnlyForDeploymentPostprocessing = 0;
		};
		F38AC7692345A98F00B932D9 /* Resources */ = {
			isa = PBXResourcesBuildPhase;
			buildActionMask = 2147483647;
			files = (
			);
			runOnlyForDeploymentPostprocessing = 0;
		};
		F38AC7742345A98F00B932D9 /* Resources */ = {
			isa = PBXResourcesBuildPhase;
			buildActionMask = 2147483647;
			files = (
			);
			runOnlyForDeploymentPostprocessing = 0;
		};
/* End PBXResourcesBuildPhase section */

/* Begin PBXSourcesBuildPhase section */
		F38AC7512345A98700B932D9 /* Sources */ = {
			isa = PBXSourcesBuildPhase;
			buildActionMask = 2147483647;
			files = (
				F38AC7592345A98700B932D9 /* AppDelegate.swift in Sources */,
				F38AC75B2345A98700B932D9 /* SceneDelegate.swift in Sources */,
				F38AC75D2345A98800B932D9 /* ContentView.swift in Sources */,
			);
			runOnlyForDeploymentPostprocessing = 0;
		};
		F38AC7672345A98F00B932D9 /* Sources */ = {
			isa = PBXSourcesBuildPhase;
			buildActionMask = 2147483647;
			files = (
				F38AC7702345A98F00B932D9 /* CMU_ASATests.swift in Sources */,
			);
			runOnlyForDeploymentPostprocessing = 0;
		};
		F38AC7722345A98F00B932D9 /* Sources */ = {
			isa = PBXSourcesBuildPhase;
			buildActionMask = 2147483647;
			files = (
				F38AC77B2345A98F00B932D9 /* CMU_ASAUITests.swift in Sources */,
			);
			runOnlyForDeploymentPostprocessing = 0;
		};
/* End PBXSourcesBuildPhase section */

/* Begin PBXTargetDependency section */
		F38AC76D2345A98F00B932D9 /* PBXTargetDependency */ = {
			isa = PBXTargetDependency;
			target = F38AC7542345A98700B932D9 /* CMU ASA */;
			targetProxy = F38AC76C2345A98F00B932D9 /* PBXContainerItemProxy */;
		};
		F38AC7782345A98F00B932D9 /* PBXTargetDependency */ = {
			isa = PBXTargetDependency;
			target = F38AC7542345A98700B932D9 /* CMU ASA */;
			targetProxy = F38AC7772345A98F00B932D9 /* PBXContainerItemProxy */;
		};
/* End PBXTargetDependency section */

/* Begin PBXVariantGroup section */
		F38AC7632345A98F00B932D9 /* LaunchScreen.storyboard */ = {
			isa = PBXVariantGroup;
			children = (
				F38AC7642345A98F00B932D9 /* Base */,
			);
			name = LaunchScreen.storyboard;
			sourceTree = "<group>";
		};
/* End PBXVariantGroup section */

/* Begin XCBuildConfiguration section */
		F38AC77D2345A98F00B932D9 /* Debug */ = {
			isa = XCBuildConfiguration;
			buildSettings = {
				ALWAYS_SEARCH_USER_PATHS = NO;
				CLANG_ANALYZER_NONNULL = YES;
				CLANG_ANALYZER_NUMBER_OBJECT_CONVERSION = YES_AGGRESSIVE;
				CLANG_CXX_LANGUAGE_STANDARD = "gnu++14";
				CLANG_CXX_LIBRARY = "libc++";
				CLANG_ENABLE_MODULES = YES;
				CLANG_ENABLE_OBJC_ARC = YES;
				CLANG_ENABLE_OBJC_WEAK = YES;
				CLANG_WARN_BLOCK_CAPTURE_AUTORELEASING = YES;
				CLANG_WARN_BOOL_CONVERSION = YES;
				CLANG_WARN_COMMA = YES;
				CLANG_WARN_CONSTANT_CONVERSION = YES;
				CLANG_WARN_DEPRECATED_OBJC_IMPLEMENTATIONS = YES;
				CLANG_WARN_DIRECT_OBJC_ISA_USAGE = YES_ERROR;
				CLANG_WARN_DOCUMENTATION_COMMENTS = YES;
				CLANG_WARN_EMPTY_BODY = YES;
				CLANG_WARN_ENUM_CONVERSION = YES;
				CLANG_WARN_INFINITE_RECURSION = YES;
				CLANG_WARN_INT_CONVERSION = YES;
				CLANG_WARN_NON_LITERAL_NULL_CONVERSION = YES;
				CLANG_WARN_OBJC_IMPLICIT_RETAIN_SELF = YES;
				CLANG_WARN_OBJC_LITERAL_CONVERSION = YES;
				CLANG_WARN_OBJC_ROOT_CLASS = YES_ERROR;
				CLANG_WARN_RANGE_LOOP_ANALYSIS = YES;
				CLANG_WARN_STRICT_PROTOTYPES = YES;
				CLANG_WARN_SUSPICIOUS_MOVE = YES;
				CLANG_WARN_UNGUARDED_AVAILABILITY = YES_AGGRESSIVE;
				CLANG_WARN_UNREACHABLE_CODE = YES;
				CLANG_WARN__DUPLICATE_METHOD_MATCH = YES;
				COPY_PHASE_STRIP = NO;
				DEBUG_INFORMATION_FORMAT = dwarf;
				ENABLE_STRICT_OBJC_MSGSEND = YES;
				ENABLE_TESTABILITY = YES;
				GCC_C_LANGUAGE_STANDARD = gnu11;
				GCC_DYNAMIC_NO_PIC = NO;
				GCC_NO_COMMON_BLOCKS = YES;
				GCC_OPTIMIZATION_LEVEL = 0;
				GCC_PREPROCESSOR_DEFINITIONS = (
					"DEBUG=1",
					"$(inherited)",
				);
				GCC_WARN_64_TO_32_BIT_CONVERSION = YES;
				GCC_WARN_ABOUT_RETURN_TYPE = YES_ERROR;
				GCC_WARN_UNDECLARED_SELECTOR = YES;
				GCC_WARN_UNINITIALIZED_AUTOS = YES_AGGRESSIVE;
				GCC_WARN_UNUSED_FUNCTION = YES;
				GCC_WARN_UNUSED_VARIABLE = YES;
				IPHONEOS_DEPLOYMENT_TARGET = 13.0;
				MTL_ENABLE_DEBUG_INFO = INCLUDE_SOURCE;
				MTL_FAST_MATH = YES;
				ONLY_ACTIVE_ARCH = YES;
				SDKROOT = iphoneos;
				SWIFT_ACTIVE_COMPILATION_CONDITIONS = DEBUG;
				SWIFT_OPTIMIZATION_LEVEL = "-Onone";
			};
			name = Debug;
		};
		F38AC77E2345A98F00B932D9 /* Release */ = {
			isa = XCBuildConfiguration;
			buildSettings = {
				ALWAYS_SEARCH_USER_PATHS = NO;
				CLANG_ANALYZER_NONNULL = YES;
				CLANG_ANALYZER_NUMBER_OBJECT_CONVERSION = YES_AGGRESSIVE;
				CLANG_CXX_LANGUAGE_STANDARD = "gnu++14";
				CLANG_CXX_LIBRARY = "libc++";
				CLANG_ENABLE_MODULES = YES;
				CLANG_ENABLE_OBJC_ARC = YES;
				CLANG_ENABLE_OBJC_WEAK = YES;
				CLANG_WARN_BLOCK_CAPTURE_AUTORELEASING = YES;
				CLANG_WARN_BOOL_CONVERSION = YES;
				CLANG_WARN_COMMA = YES;
				CLANG_WARN_CONSTANT_CONVERSION = YES;
				CLANG_WARN_DEPRECATED_OBJC_IMPLEMENTATIONS = YES;
				CLANG_WARN_DIRECT_OBJC_ISA_USAGE = YES_ERROR;
				CLANG_WARN_DOCUMENTATION_COMMENTS = YES;
				CLANG_WARN_EMPTY_BODY = YES;
				CLANG_WARN_ENUM_CONVERSION = YES;
				CLANG_WARN_INFINITE_RECURSION = YES;
				CLANG_WARN_INT_CONVERSION = YES;
				CLANG_WARN_NON_LITERAL_NULL_CONVERSION = YES;
				CLANG_WARN_OBJC_IMPLICIT_RETAIN_SELF = YES;
				CLANG_WARN_OBJC_LITERAL_CONVERSION = YES;
				CLANG_WARN_OBJC_ROOT_CLASS = YES_ERROR;
				CLANG_WARN_RANGE_LOOP_ANALYSIS = YES;
				CLANG_WARN_STRICT_PROTOTYPES = YES;
				CLANG_WARN_SUSPICIOUS_MOVE = YES;
				CLANG_WARN_UNGUARDED_AVAILABILITY = YES_AGGRESSIVE;
				CLANG_WARN_UNREACHABLE_CODE = YES;
				CLANG_WARN__DUPLICATE_METHOD_MATCH = YES;
				COPY_PHASE_STRIP = NO;
				DEBUG_INFORMATION_FORMAT = "dwarf-with-dsym";
				ENABLE_NS_ASSERTIONS = NO;
				ENABLE_STRICT_OBJC_MSGSEND = YES;
				GCC_C_LANGUAGE_STANDARD = gnu11;
				GCC_NO_COMMON_BLOCKS = YES;
				GCC_WARN_64_TO_32_BIT_CONVERSION = YES;
				GCC_WARN_ABOUT_RETURN_TYPE = YES_ERROR;
				GCC_WARN_UNDECLARED_SELECTOR = YES;
				GCC_WARN_UNINITIALIZED_AUTOS = YES_AGGRESSIVE;
				GCC_WARN_UNUSED_FUNCTION = YES;
				GCC_WARN_UNUSED_VARIABLE = YES;
				IPHONEOS_DEPLOYMENT_TARGET = 13.0;
				MTL_ENABLE_DEBUG_INFO = NO;
				MTL_FAST_MATH = YES;
				SDKROOT = iphoneos;
				SWIFT_COMPILATION_MODE = wholemodule;
				SWIFT_OPTIMIZATION_LEVEL = "-O";
				VALIDATE_PRODUCT = YES;
			};
			name = Release;
		};
		F38AC7802345A98F00B932D9 /* Debug */ = {
			isa = XCBuildConfiguration;
			buildSettings = {
				ASSETCATALOG_COMPILER_APPICON_NAME = AppIcon;
				CODE_SIGN_STYLE = Automatic;
				DEVELOPMENT_ASSET_PATHS = "\"CMU ASA/Preview Content\"";
				ENABLE_PREVIEWS = YES;
				INFOPLIST_FILE = "CMU ASA/Info.plist";
				LD_RUNPATH_SEARCH_PATHS = (
					"$(inherited)",
					"@executable_path/Frameworks",
				);
				PRODUCT_BUNDLE_IDENTIFIER = "com.cmu-asa.CMU-ASA";
				PRODUCT_NAME = "$(TARGET_NAME)";
				SWIFT_VERSION = 5.0;
				TARGETED_DEVICE_FAMILY = "1,2";
			};
			name = Debug;
		};
		F38AC7812345A98F00B932D9 /* Release */ = {
			isa = XCBuildConfiguration;
			buildSettings = {
				ASSETCATALOG_COMPILER_APPICON_NAME = AppIcon;
				CODE_SIGN_STYLE = Automatic;
				DEVELOPMENT_ASSET_PATHS = "\"CMU ASA/Preview Content\"";
				ENABLE_PREVIEWS = YES;
				INFOPLIST_FILE = "CMU ASA/Info.plist";
				LD_RUNPATH_SEARCH_PATHS = (
					"$(inherited)",
					"@executable_path/Frameworks",
				);
				PRODUCT_BUNDLE_IDENTIFIER = "com.cmu-asa.CMU-ASA";
				PRODUCT_NAME = "$(TARGET_NAME)";
				SWIFT_VERSION = 5.0;
				TARGETED_DEVICE_FAMILY = "1,2";
			};
			name = Release;
		};
		F38AC7832345A98F00B932D9 /* Debug */ = {
			isa = XCBuildConfiguration;
			buildSettings = {
				ALWAYS_EMBED_SWIFT_STANDARD_LIBRARIES = YES;
				BUNDLE_LOADER = "$(TEST_HOST)";
				CODE_SIGN_STYLE = Automatic;
				INFOPLIST_FILE = "CMU ASATests/Info.plist";
				IPHONEOS_DEPLOYMENT_TARGET = 13.0;
				LD_RUNPATH_SEARCH_PATHS = (
					"$(inherited)",
					"@executable_path/Frameworks",
					"@loader_path/Frameworks",
				);
				PRODUCT_BUNDLE_IDENTIFIER = "com.cmu-asa.CMU-ASATests";
				PRODUCT_NAME = "$(TARGET_NAME)";
				SWIFT_VERSION = 5.0;
				TARGETED_DEVICE_FAMILY = "1,2";
				TEST_HOST = "$(BUILT_PRODUCTS_DIR)/CMU ASA.app/CMU ASA";
			};
			name = Debug;
		};
		F38AC7842345A98F00B932D9 /* Release */ = {
			isa = XCBuildConfiguration;
			buildSettings = {
				ALWAYS_EMBED_SWIFT_STANDARD_LIBRARIES = YES;
				BUNDLE_LOADER = "$(TEST_HOST)";
				CODE_SIGN_STYLE = Automatic;
				INFOPLIST_FILE = "CMU ASATests/Info.plist";
				IPHONEOS_DEPLOYMENT_TARGET = 13.0;
				LD_RUNPATH_SEARCH_PATHS = (
					"$(inherited)",
					"@executable_path/Frameworks",
					"@loader_path/Frameworks",
				);
				PRODUCT_BUNDLE_IDENTIFIER = "com.cmu-asa.CMU-ASATests";
				PRODUCT_NAME = "$(TARGET_NAME)";
				SWIFT_VERSION = 5.0;
				TARGETED_DEVICE_FAMILY = "1,2";
				TEST_HOST = "$(BUILT_PRODUCTS_DIR)/CMU ASA.app/CMU ASA";
			};
			name = Release;
		};
		F38AC7862345A98F00B932D9 /* Debug */ = {
			isa = XCBuildConfiguration;
			buildSettings = {
				ALWAYS_EMBED_SWIFT_STANDARD_LIBRARIES = YES;
				CODE_SIGN_STYLE = Automatic;
				INFOPLIST_FILE = "CMU ASAUITests/Info.plist";
				LD_RUNPATH_SEARCH_PATHS = (
					"$(inherited)",
					"@executable_path/Frameworks",
					"@loader_path/Frameworks",
				);
				PRODUCT_BUNDLE_IDENTIFIER = "com.cmu-asa.CMU-ASAUITests";
				PRODUCT_NAME = "$(TARGET_NAME)";
				SWIFT_VERSION = 5.0;
				TARGETED_DEVICE_FAMILY = "1,2";
				TEST_TARGET_NAME = "CMU ASA";
			};
			name = Debug;
		};
		F38AC7872345A98F00B932D9 /* Release */ = {
			isa = XCBuildConfiguration;
			buildSettings = {
				ALWAYS_EMBED_SWIFT_STANDARD_LIBRARIES = YES;
				CODE_SIGN_STYLE = Automatic;
				INFOPLIST_FILE = "CMU ASAUITests/Info.plist";
				LD_RUNPATH_SEARCH_PATHS = (
					"$(inherited)",
					"@executable_path/Frameworks",
					"@loader_path/Frameworks",
				);
				PRODUCT_BUNDLE_IDENTIFIER = "com.cmu-asa.CMU-ASAUITests";
				PRODUCT_NAME = "$(TARGET_NAME)";
				SWIFT_VERSION = 5.0;
				TARGETED_DEVICE_FAMILY = "1,2";
				TEST_TARGET_NAME = "CMU ASA";
			};
			name = Release;
		};
/* End XCBuildConfiguration section */

/* Begin XCConfigurationList section */
		F38AC7502345A98700B932D9 /* Build configuration list for PBXProject "CMU ASA" */ = {
			isa = XCConfigurationList;
			buildConfigurations = (
				F38AC77D2345A98F00B932D9 /* Debug */,
				F38AC77E2345A98F00B932D9 /* Release */,
			);
			defaultConfigurationIsVisible = 0;
			defaultConfigurationName = Release;
		};
		F38AC77F2345A98F00B932D9 /* Build configuration list for PBXNativeTarget "CMU ASA" */ = {
			isa = XCConfigurationList;
			buildConfigurations = (
				F38AC7802345A98F00B932D9 /* Debug */,
				F38AC7812345A98F00B932D9 /* Release */,
			);
			defaultConfigurationIsVisible = 0;
			defaultConfigurationName = Release;
		};
		F38AC7822345A98F00B932D9 /* Build configuration list for PBXNativeTarget "CMU ASATests" */ = {
			isa = XCConfigurationList;
			buildConfigurations = (
				F38AC7832345A98F00B932D9 /* Debug */,
				F38AC7842345A98F00B932D9 /* Release */,
			);
			defaultConfigurationIsVisible = 0;
			defaultConfigurationName = Release;
		};
		F38AC7852345A98F00B932D9 /* Build configuration list for PBXNativeTarget "CMU ASAUITests" */ = {
			isa = XCConfigurationList;
			buildConfigurations = (
				F38AC7862345A98F00B932D9 /* Debug */,
				F38AC7872345A98F00B932D9 /* Release */,
			);
			defaultConfigurationIsVisible = 0;
			defaultConfigurationName = Release;
		};
/* End XCConfigurationList section */
	};
	rootObject = F38AC74D2345A98700B932D9 /* Project object */;
}
