// !$*UTF8*$!
{
	archiveVersion = 1;
	classes = {
	};
	objectVersion = 50;
	objects = {

/* Begin PBXBuildFile section */
		F3603C1F2469F67E00BC91A6 /* AppDelegate.swift in Sources */ = {isa = PBXBuildFile; fileRef = F3603C1E2469F67E00BC91A6 /* AppDelegate.swift */; };
		F3603C212469F67E00BC91A6 /* SceneDelegate.swift in Sources */ = {isa = PBXBuildFile; fileRef = F3603C202469F67E00BC91A6 /* SceneDelegate.swift */; };
		F3603C232469F67E00BC91A6 /* ContentView.swift in Sources */ = {isa = PBXBuildFile; fileRef = F3603C222469F67E00BC91A6 /* ContentView.swift */; };
		F3603C252469F68000BC91A6 /* Assets.xcassets in Resources */ = {isa = PBXBuildFile; fileRef = F3603C242469F68000BC91A6 /* Assets.xcassets */; };
		F3603C282469F68000BC91A6 /* Preview Assets.xcassets in Resources */ = {isa = PBXBuildFile; fileRef = F3603C272469F68000BC91A6 /* Preview Assets.xcassets */; };
		F3603C2B2469F68000BC91A6 /* LaunchScreen.storyboard in Resources */ = {isa = PBXBuildFile; fileRef = F3603C292469F68000BC91A6 /* LaunchScreen.storyboard */; };
		F3603C362469F68100BC91A6 /* cmu_asa_appTests.swift in Sources */ = {isa = PBXBuildFile; fileRef = F3603C352469F68100BC91A6 /* cmu_asa_appTests.swift */; };
		F3603C412469F68100BC91A6 /* cmu_asa_appUITests.swift in Sources */ = {isa = PBXBuildFile; fileRef = F3603C402469F68100BC91A6 /* cmu_asa_appUITests.swift */; };
/* End PBXBuildFile section */

/* Begin PBXContainerItemProxy section */
		F3603C322469F68100BC91A6 /* PBXContainerItemProxy */ = {
			isa = PBXContainerItemProxy;
			containerPortal = F3603C132469F67E00BC91A6 /* Project object */;
			proxyType = 1;
			remoteGlobalIDString = F3603C1A2469F67E00BC91A6;
			remoteInfo = cmu_asa_app;
		};
		F3603C3D2469F68100BC91A6 /* PBXContainerItemProxy */ = {
			isa = PBXContainerItemProxy;
			containerPortal = F3603C132469F67E00BC91A6 /* Project object */;
			proxyType = 1;
			remoteGlobalIDString = F3603C1A2469F67E00BC91A6;
			remoteInfo = cmu_asa_app;
		};
/* End PBXContainerItemProxy section */

/* Begin PBXFileReference section */
		F3603C1B2469F67E00BC91A6 /* cmu_asa_app.app */ = {isa = PBXFileReference; explicitFileType = wrapper.application; includeInIndex = 0; path = cmu_asa_app.app; sourceTree = BUILT_PRODUCTS_DIR; };
		F3603C1E2469F67E00BC91A6 /* AppDelegate.swift */ = {isa = PBXFileReference; lastKnownFileType = sourcecode.swift; path = AppDelegate.swift; sourceTree = "<group>"; };
		F3603C202469F67E00BC91A6 /* SceneDelegate.swift */ = {isa = PBXFileReference; lastKnownFileType = sourcecode.swift; path = SceneDelegate.swift; sourceTree = "<group>"; };
		F3603C222469F67E00BC91A6 /* ContentView.swift */ = {isa = PBXFileReference; lastKnownFileType = sourcecode.swift; path = ContentView.swift; sourceTree = "<group>"; };
		F3603C242469F68000BC91A6 /* Assets.xcassets */ = {isa = PBXFileReference; lastKnownFileType = folder.assetcatalog; path = Assets.xcassets; sourceTree = "<group>"; };
		F3603C272469F68000BC91A6 /* Preview Assets.xcassets */ = {isa = PBXFileReference; lastKnownFileType = folder.assetcatalog; path = "Preview Assets.xcassets"; sourceTree = "<group>"; };
		F3603C2A2469F68000BC91A6 /* Base */ = {isa = PBXFileReference; lastKnownFileType = file.storyboard; name = Base; path = Base.lproj/LaunchScreen.storyboard; sourceTree = "<group>"; };
		F3603C2C2469F68000BC91A6 /* Info.plist */ = {isa = PBXFileReference; lastKnownFileType = text.plist.xml; path = Info.plist; sourceTree = "<group>"; };
		F3603C312469F68100BC91A6 /* cmu_asa_appTests.xctest */ = {isa = PBXFileReference; explicitFileType = wrapper.cfbundle; includeInIndex = 0; path = cmu_asa_appTests.xctest; sourceTree = BUILT_PRODUCTS_DIR; };
		F3603C352469F68100BC91A6 /* cmu_asa_appTests.swift */ = {isa = PBXFileReference; lastKnownFileType = sourcecode.swift; path = cmu_asa_appTests.swift; sourceTree = "<group>"; };
		F3603C372469F68100BC91A6 /* Info.plist */ = {isa = PBXFileReference; lastKnownFileType = text.plist.xml; path = Info.plist; sourceTree = "<group>"; };
		F3603C3C2469F68100BC91A6 /* cmu_asa_appUITests.xctest */ = {isa = PBXFileReference; explicitFileType = wrapper.cfbundle; includeInIndex = 0; path = cmu_asa_appUITests.xctest; sourceTree = BUILT_PRODUCTS_DIR; };
		F3603C402469F68100BC91A6 /* cmu_asa_appUITests.swift */ = {isa = PBXFileReference; lastKnownFileType = sourcecode.swift; path = cmu_asa_appUITests.swift; sourceTree = "<group>"; };
		F3603C422469F68100BC91A6 /* Info.plist */ = {isa = PBXFileReference; lastKnownFileType = text.plist.xml; path = Info.plist; sourceTree = "<group>"; };
/* End PBXFileReference section */

/* Begin PBXFrameworksBuildPhase section */
		F3603C182469F67E00BC91A6 /* Frameworks */ = {
			isa = PBXFrameworksBuildPhase;
			buildActionMask = 2147483647;
			files = (
			);
			runOnlyForDeploymentPostprocessing = 0;
		};
		F3603C2E2469F68100BC91A6 /* Frameworks */ = {
			isa = PBXFrameworksBuildPhase;
			buildActionMask = 2147483647;
			files = (
			);
			runOnlyForDeploymentPostprocessing = 0;
		};
		F3603C392469F68100BC91A6 /* Frameworks */ = {
			isa = PBXFrameworksBuildPhase;
			buildActionMask = 2147483647;
			files = (
			);
			runOnlyForDeploymentPostprocessing = 0;
		};
/* End PBXFrameworksBuildPhase section */

/* Begin PBXGroup section */
		F3603C122469F67E00BC91A6 = {
			isa = PBXGroup;
			children = (
				F3603C1D2469F67E00BC91A6 /* cmu_asa_app */,
				F3603C342469F68100BC91A6 /* cmu_asa_appTests */,
				F3603C3F2469F68100BC91A6 /* cmu_asa_appUITests */,
				F3603C1C2469F67E00BC91A6 /* Products */,
			);
			sourceTree = "<group>";
		};
		F3603C1C2469F67E00BC91A6 /* Products */ = {
			isa = PBXGroup;
			children = (
				F3603C1B2469F67E00BC91A6 /* cmu_asa_app.app */,
				F3603C312469F68100BC91A6 /* cmu_asa_appTests.xctest */,
				F3603C3C2469F68100BC91A6 /* cmu_asa_appUITests.xctest */,
			);
			name = Products;
			sourceTree = "<group>";
		};
		F3603C1D2469F67E00BC91A6 /* cmu_asa_app */ = {
			isa = PBXGroup;
			children = (
				F3603C1E2469F67E00BC91A6 /* AppDelegate.swift */,
				F3603C202469F67E00BC91A6 /* SceneDelegate.swift */,
				F3603C222469F67E00BC91A6 /* ContentView.swift */,
				F3603C242469F68000BC91A6 /* Assets.xcassets */,
				F3603C292469F68000BC91A6 /* LaunchScreen.storyboard */,
				F3603C2C2469F68000BC91A6 /* Info.plist */,
				F3603C262469F68000BC91A6 /* Preview Content */,
			);
			path = cmu_asa_app;
			sourceTree = "<group>";
		};
		F3603C262469F68000BC91A6 /* Preview Content */ = {
			isa = PBXGroup;
			children = (
				F3603C272469F68000BC91A6 /* Preview Assets.xcassets */,
			);
			path = "Preview Content";
			sourceTree = "<group>";
		};
		F3603C342469F68100BC91A6 /* cmu_asa_appTests */ = {
			isa = PBXGroup;
			children = (
				F3603C352469F68100BC91A6 /* cmu_asa_appTests.swift */,
				F3603C372469F68100BC91A6 /* Info.plist */,
			);
			path = cmu_asa_appTests;
			sourceTree = "<group>";
		};
		F3603C3F2469F68100BC91A6 /* cmu_asa_appUITests */ = {
			isa = PBXGroup;
			children = (
				F3603C402469F68100BC91A6 /* cmu_asa_appUITests.swift */,
				F3603C422469F68100BC91A6 /* Info.plist */,
			);
			path = cmu_asa_appUITests;
			sourceTree = "<group>";
		};
/* End PBXGroup section */

/* Begin PBXNativeTarget section */
		F3603C1A2469F67E00BC91A6 /* cmu_asa_app */ = {
			isa = PBXNativeTarget;
			buildConfigurationList = F3603C452469F68100BC91A6 /* Build configuration list for PBXNativeTarget "cmu_asa_app" */;
			buildPhases = (
				F3603C172469F67E00BC91A6 /* Sources */,
				F3603C182469F67E00BC91A6 /* Frameworks */,
				F3603C192469F67E00BC91A6 /* Resources */,
			);
			buildRules = (
			);
			dependencies = (
			);
			name = cmu_asa_app;
			productName = cmu_asa_app;
			productReference = F3603C1B2469F67E00BC91A6 /* cmu_asa_app.app */;
			productType = "com.apple.product-type.application";
		};
		F3603C302469F68100BC91A6 /* cmu_asa_appTests */ = {
			isa = PBXNativeTarget;
			buildConfigurationList = F3603C482469F68100BC91A6 /* Build configuration list for PBXNativeTarget "cmu_asa_appTests" */;
			buildPhases = (
				F3603C2D2469F68100BC91A6 /* Sources */,
				F3603C2E2469F68100BC91A6 /* Frameworks */,
				F3603C2F2469F68100BC91A6 /* Resources */,
			);
			buildRules = (
			);
			dependencies = (
				F3603C332469F68100BC91A6 /* PBXTargetDependency */,
			);
			name = cmu_asa_appTests;
			productName = cmu_asa_appTests;
			productReference = F3603C312469F68100BC91A6 /* cmu_asa_appTests.xctest */;
			productType = "com.apple.product-type.bundle.unit-test";
		};
		F3603C3B2469F68100BC91A6 /* cmu_asa_appUITests */ = {
			isa = PBXNativeTarget;
			buildConfigurationList = F3603C4B2469F68100BC91A6 /* Build configuration list for PBXNativeTarget "cmu_asa_appUITests" */;
			buildPhases = (
				F3603C382469F68100BC91A6 /* Sources */,
				F3603C392469F68100BC91A6 /* Frameworks */,
				F3603C3A2469F68100BC91A6 /* Resources */,
			);
			buildRules = (
			);
			dependencies = (
				F3603C3E2469F68100BC91A6 /* PBXTargetDependency */,
			);
			name = cmu_asa_appUITests;
			productName = cmu_asa_appUITests;
			productReference = F3603C3C2469F68100BC91A6 /* cmu_asa_appUITests.xctest */;
			productType = "com.apple.product-type.bundle.ui-testing";
		};
/* End PBXNativeTarget section */

/* Begin PBXProject section */
		F3603C132469F67E00BC91A6 /* Project object */ = {
			isa = PBXProject;
			attributes = {
				LastSwiftUpdateCheck = 1130;
				LastUpgradeCheck = 1130;
				ORGANIZATIONNAME = "CMU ASA";
				TargetAttributes = {
					F3603C1A2469F67E00BC91A6 = {
						CreatedOnToolsVersion = 11.3.1;
					};
					F3603C302469F68100BC91A6 = {
						CreatedOnToolsVersion = 11.3.1;
						TestTargetID = F3603C1A2469F67E00BC91A6;
					};
					F3603C3B2469F68100BC91A6 = {
						CreatedOnToolsVersion = 11.3.1;
						TestTargetID = F3603C1A2469F67E00BC91A6;
					};
				};
			};
			buildConfigurationList = F3603C162469F67E00BC91A6 /* Build configuration list for PBXProject "cmu_asa_app" */;
			compatibilityVersion = "Xcode 9.3";
			developmentRegion = en;
			hasScannedForEncodings = 0;
			knownRegions = (
				en,
				Base,
			);
			mainGroup = F3603C122469F67E00BC91A6;
			productRefGroup = F3603C1C2469F67E00BC91A6 /* Products */;
			projectDirPath = "";
			projectRoot = "";
			targets = (
				F3603C1A2469F67E00BC91A6 /* cmu_asa_app */,
				F3603C302469F68100BC91A6 /* cmu_asa_appTests */,
				F3603C3B2469F68100BC91A6 /* cmu_asa_appUITests */,
			);
		};
/* End PBXProject section */

/* Begin PBXResourcesBuildPhase section */
		F3603C192469F67E00BC91A6 /* Resources */ = {
			isa = PBXResourcesBuildPhase;
			buildActionMask = 2147483647;
			files = (
				F3603C2B2469F68000BC91A6 /* LaunchScreen.storyboard in Resources */,
				F3603C282469F68000BC91A6 /* Preview Assets.xcassets in Resources */,
				F3603C252469F68000BC91A6 /* Assets.xcassets in Resources */,
			);
			runOnlyForDeploymentPostprocessing = 0;
		};
		F3603C2F2469F68100BC91A6 /* Resources */ = {
			isa = PBXResourcesBuildPhase;
			buildActionMask = 2147483647;
			files = (
			);
			runOnlyForDeploymentPostprocessing = 0;
		};
		F3603C3A2469F68100BC91A6 /* Resources */ = {
			isa = PBXResourcesBuildPhase;
			buildActionMask = 2147483647;
			files = (
			);
			runOnlyForDeploymentPostprocessing = 0;
		};
/* End PBXResourcesBuildPhase section */

/* Begin PBXSourcesBuildPhase section */
		F3603C172469F67E00BC91A6 /* Sources */ = {
			isa = PBXSourcesBuildPhase;
			buildActionMask = 2147483647;
			files = (
				F3603C1F2469F67E00BC91A6 /* AppDelegate.swift in Sources */,
				F3603C212469F67E00BC91A6 /* SceneDelegate.swift in Sources */,
				F3603C232469F67E00BC91A6 /* ContentView.swift in Sources */,
			);
			runOnlyForDeploymentPostprocessing = 0;
		};
		F3603C2D2469F68100BC91A6 /* Sources */ = {
			isa = PBXSourcesBuildPhase;
			buildActionMask = 2147483647;
			files = (
				F3603C362469F68100BC91A6 /* cmu_asa_appTests.swift in Sources */,
			);
			runOnlyForDeploymentPostprocessing = 0;
		};
		F3603C382469F68100BC91A6 /* Sources */ = {
			isa = PBXSourcesBuildPhase;
			buildActionMask = 2147483647;
			files = (
				F3603C412469F68100BC91A6 /* cmu_asa_appUITests.swift in Sources */,
			);
			runOnlyForDeploymentPostprocessing = 0;
		};
/* End PBXSourcesBuildPhase section */

/* Begin PBXTargetDependency section */
		F3603C332469F68100BC91A6 /* PBXTargetDependency */ = {
			isa = PBXTargetDependency;
			target = F3603C1A2469F67E00BC91A6 /* cmu_asa_app */;
			targetProxy = F3603C322469F68100BC91A6 /* PBXContainerItemProxy */;
		};
		F3603C3E2469F68100BC91A6 /* PBXTargetDependency */ = {
			isa = PBXTargetDependency;
			target = F3603C1A2469F67E00BC91A6 /* cmu_asa_app */;
			targetProxy = F3603C3D2469F68100BC91A6 /* PBXContainerItemProxy */;
		};
/* End PBXTargetDependency section */

/* Begin PBXVariantGroup section */
		F3603C292469F68000BC91A6 /* LaunchScreen.storyboard */ = {
			isa = PBXVariantGroup;
			children = (
				F3603C2A2469F68000BC91A6 /* Base */,
			);
			name = LaunchScreen.storyboard;
			sourceTree = "<group>";
		};
/* End PBXVariantGroup section */

/* Begin XCBuildConfiguration section */
		F3603C432469F68100BC91A6 /* Debug */ = {
			isa = XCBuildConfiguration;
			buildSettings = {
				ALWAYS_SEARCH_USER_PATHS = NO;
				CLANG_ANALYZER_NONNULL = YES;
				CLANG_ANALYZER_NUMBER_OBJECT_CONVERSION = YES_AGGRESSIVE;
				CLANG_CXX_LANGUAGE_STANDARD = "gnu++14";
				CLANG_CXX_LIBRARY = "libc++";
				CLANG_ENABLE_MODULES = YES;
				CLANG_ENABLE_OBJC_ARC = YES;
				CLANG_ENABLE_OBJC_WEAK = YES;
				CLANG_WARN_BLOCK_CAPTURE_AUTORELEASING = YES;
				CLANG_WARN_BOOL_CONVERSION = YES;
				CLANG_WARN_COMMA = YES;
				CLANG_WARN_CONSTANT_CONVERSION = YES;
				CLANG_WARN_DEPRECATED_OBJC_IMPLEMENTATIONS = YES;
				CLANG_WARN_DIRECT_OBJC_ISA_USAGE = YES_ERROR;
				CLANG_WARN_DOCUMENTATION_COMMENTS = YES;
				CLANG_WARN_EMPTY_BODY = YES;
				CLANG_WARN_ENUM_CONVERSION = YES;
				CLANG_WARN_INFINITE_RECURSION = YES;
				CLANG_WARN_INT_CONVERSION = YES;
				CLANG_WARN_NON_LITERAL_NULL_CONVERSION = YES;
				CLANG_WARN_OBJC_IMPLICIT_RETAIN_SELF = YES;
				CLANG_WARN_OBJC_LITERAL_CONVERSION = YES;
				CLANG_WARN_OBJC_ROOT_CLASS = YES_ERROR;
				CLANG_WARN_RANGE_LOOP_ANALYSIS = YES;
				CLANG_WARN_STRICT_PROTOTYPES = YES;
				CLANG_WARN_SUSPICIOUS_MOVE = YES;
				CLANG_WARN_UNGUARDED_AVAILABILITY = YES_AGGRESSIVE;
				CLANG_WARN_UNREACHABLE_CODE = YES;
				CLANG_WARN__DUPLICATE_METHOD_MATCH = YES;
				COPY_PHASE_STRIP = NO;
				DEBUG_INFORMATION_FORMAT = dwarf;
				ENABLE_STRICT_OBJC_MSGSEND = YES;
				ENABLE_TESTABILITY = YES;
				GCC_C_LANGUAGE_STANDARD = gnu11;
				GCC_DYNAMIC_NO_PIC = NO;
				GCC_NO_COMMON_BLOCKS = YES;
				GCC_OPTIMIZATION_LEVEL = 0;
				GCC_PREPROCESSOR_DEFINITIONS = (
					"DEBUG=1",
					"$(inherited)",
				);
				GCC_WARN_64_TO_32_BIT_CONVERSION = YES;
				GCC_WARN_ABOUT_RETURN_TYPE = YES_ERROR;
				GCC_WARN_UNDECLARED_SELECTOR = YES;
				GCC_WARN_UNINITIALIZED_AUTOS = YES_AGGRESSIVE;
				GCC_WARN_UNUSED_FUNCTION = YES;
				GCC_WARN_UNUSED_VARIABLE = YES;
				IPHONEOS_DEPLOYMENT_TARGET = 13.2;
				MTL_ENABLE_DEBUG_INFO = INCLUDE_SOURCE;
				MTL_FAST_MATH = YES;
				ONLY_ACTIVE_ARCH = YES;
				SDKROOT = iphoneos;
				SWIFT_ACTIVE_COMPILATION_CONDITIONS = DEBUG;
				SWIFT_OPTIMIZATION_LEVEL = "-Onone";
			};
			name = Debug;
		};
		F3603C442469F68100BC91A6 /* Release */ = {
			isa = XCBuildConfiguration;
			buildSettings = {
				ALWAYS_SEARCH_USER_PATHS = NO;
				CLANG_ANALYZER_NONNULL = YES;
				CLANG_ANALYZER_NUMBER_OBJECT_CONVERSION = YES_AGGRESSIVE;
				CLANG_CXX_LANGUAGE_STANDARD = "gnu++14";
				CLANG_CXX_LIBRARY = "libc++";
				CLANG_ENABLE_MODULES = YES;
				CLANG_ENABLE_OBJC_ARC = YES;
				CLANG_ENABLE_OBJC_WEAK = YES;
				CLANG_WARN_BLOCK_CAPTURE_AUTORELEASING = YES;
				CLANG_WARN_BOOL_CONVERSION = YES;
				CLANG_WARN_COMMA = YES;
				CLANG_WARN_CONSTANT_CONVERSION = YES;
				CLANG_WARN_DEPRECATED_OBJC_IMPLEMENTATIONS = YES;
				CLANG_WARN_DIRECT_OBJC_ISA_USAGE = YES_ERROR;
				CLANG_WARN_DOCUMENTATION_COMMENTS = YES;
				CLANG_WARN_EMPTY_BODY = YES;
				CLANG_WARN_ENUM_CONVERSION = YES;
				CLANG_WARN_INFINITE_RECURSION = YES;
				CLANG_WARN_INT_CONVERSION = YES;
				CLANG_WARN_NON_LITERAL_NULL_CONVERSION = YES;
				CLANG_WARN_OBJC_IMPLICIT_RETAIN_SELF = YES;
				CLANG_WARN_OBJC_LITERAL_CONVERSION = YES;
				CLANG_WARN_OBJC_ROOT_CLASS = YES_ERROR;
				CLANG_WARN_RANGE_LOOP_ANALYSIS = YES;
				CLANG_WARN_STRICT_PROTOTYPES = YES;
				CLANG_WARN_SUSPICIOUS_MOVE = YES;
				CLANG_WARN_UNGUARDED_AVAILABILITY = YES_AGGRESSIVE;
				CLANG_WARN_UNREACHABLE_CODE = YES;
				CLANG_WARN__DUPLICATE_METHOD_MATCH = YES;
				COPY_PHASE_STRIP = NO;
				DEBUG_INFORMATION_FORMAT = "dwarf-with-dsym";
				ENABLE_NS_ASSERTIONS = NO;
				ENABLE_STRICT_OBJC_MSGSEND = YES;
				GCC_C_LANGUAGE_STANDARD = gnu11;
				GCC_NO_COMMON_BLOCKS = YES;
				GCC_WARN_64_TO_32_BIT_CONVERSION = YES;
				GCC_WARN_ABOUT_RETURN_TYPE = YES_ERROR;
				GCC_WARN_UNDECLARED_SELECTOR = YES;
				GCC_WARN_UNINITIALIZED_AUTOS = YES_AGGRESSIVE;
				GCC_WARN_UNUSED_FUNCTION = YES;
				GCC_WARN_UNUSED_VARIABLE = YES;
				IPHONEOS_DEPLOYMENT_TARGET = 13.2;
				MTL_ENABLE_DEBUG_INFO = NO;
				MTL_FAST_MATH = YES;
				SDKROOT = iphoneos;
				SWIFT_COMPILATION_MODE = wholemodule;
				SWIFT_OPTIMIZATION_LEVEL = "-O";
				VALIDATE_PRODUCT = YES;
			};
			name = Release;
		};
		F3603C462469F68100BC91A6 /* Debug */ = {
			isa = XCBuildConfiguration;
			buildSettings = {
				ASSETCATALOG_COMPILER_APPICON_NAME = AppIcon;
				CODE_SIGN_STYLE = Automatic;
				DEVELOPMENT_ASSET_PATHS = "\"cmu_asa_app/Preview Content\"";
				ENABLE_PREVIEWS = YES;
				INFOPLIST_FILE = cmu_asa_app/Info.plist;
				LD_RUNPATH_SEARCH_PATHS = (
					"$(inherited)",
					"@executable_path/Frameworks",
				);
				PRODUCT_BUNDLE_IDENTIFIER = "CMU-ASA-2020.cmu-asa-app";
				PRODUCT_NAME = "$(TARGET_NAME)";
				SWIFT_VERSION = 5.0;
				TARGETED_DEVICE_FAMILY = "1,2";
			};
			name = Debug;
		};
		F3603C472469F68100BC91A6 /* Release */ = {
			isa = XCBuildConfiguration;
			buildSettings = {
				ASSETCATALOG_COMPILER_APPICON_NAME = AppIcon;
				CODE_SIGN_STYLE = Automatic;
				DEVELOPMENT_ASSET_PATHS = "\"cmu_asa_app/Preview Content\"";
				ENABLE_PREVIEWS = YES;
				INFOPLIST_FILE = cmu_asa_app/Info.plist;
				LD_RUNPATH_SEARCH_PATHS = (
					"$(inherited)",
					"@executable_path/Frameworks",
				);
				PRODUCT_BUNDLE_IDENTIFIER = "CMU-ASA-2020.cmu-asa-app";
				PRODUCT_NAME = "$(TARGET_NAME)";
				SWIFT_VERSION = 5.0;
				TARGETED_DEVICE_FAMILY = "1,2";
			};
			name = Release;
		};
		F3603C492469F68100BC91A6 /* Debug */ = {
			isa = XCBuildConfiguration;
			buildSettings = {
				ALWAYS_EMBED_SWIFT_STANDARD_LIBRARIES = YES;
				BUNDLE_LOADER = "$(TEST_HOST)";
				CODE_SIGN_STYLE = Automatic;
				INFOPLIST_FILE = cmu_asa_appTests/Info.plist;
				IPHONEOS_DEPLOYMENT_TARGET = 13.2;
				LD_RUNPATH_SEARCH_PATHS = (
					"$(inherited)",
					"@executable_path/Frameworks",
					"@loader_path/Frameworks",
				);
				PRODUCT_BUNDLE_IDENTIFIER = "CMU-ASA-2020.cmu-asa-appTests";
				PRODUCT_NAME = "$(TARGET_NAME)";
				SWIFT_VERSION = 5.0;
				TARGETED_DEVICE_FAMILY = "1,2";
				TEST_HOST = "$(BUILT_PRODUCTS_DIR)/cmu_asa_app.app/cmu_asa_app";
			};
			name = Debug;
		};
		F3603C4A2469F68100BC91A6 /* Release */ = {
			isa = XCBuildConfiguration;
			buildSettings = {
				ALWAYS_EMBED_SWIFT_STANDARD_LIBRARIES = YES;
				BUNDLE_LOADER = "$(TEST_HOST)";
				CODE_SIGN_STYLE = Automatic;
				INFOPLIST_FILE = cmu_asa_appTests/Info.plist;
				IPHONEOS_DEPLOYMENT_TARGET = 13.2;
				LD_RUNPATH_SEARCH_PATHS = (
					"$(inherited)",
					"@executable_path/Frameworks",
					"@loader_path/Frameworks",
				);
				PRODUCT_BUNDLE_IDENTIFIER = "CMU-ASA-2020.cmu-asa-appTests";
				PRODUCT_NAME = "$(TARGET_NAME)";
				SWIFT_VERSION = 5.0;
				TARGETED_DEVICE_FAMILY = "1,2";
				TEST_HOST = "$(BUILT_PRODUCTS_DIR)/cmu_asa_app.app/cmu_asa_app";
			};
			name = Release;
		};
		F3603C4C2469F68100BC91A6 /* Debug */ = {
			isa = XCBuildConfiguration;
			buildSettings = {
				ALWAYS_EMBED_SWIFT_STANDARD_LIBRARIES = YES;
				CODE_SIGN_STYLE = Automatic;
				INFOPLIST_FILE = cmu_asa_appUITests/Info.plist;
				LD_RUNPATH_SEARCH_PATHS = (
					"$(inherited)",
					"@executable_path/Frameworks",
					"@loader_path/Frameworks",
				);
				PRODUCT_BUNDLE_IDENTIFIER = "CMU-ASA-2020.cmu-asa-appUITests";
				PRODUCT_NAME = "$(TARGET_NAME)";
				SWIFT_VERSION = 5.0;
				TARGETED_DEVICE_FAMILY = "1,2";
				TEST_TARGET_NAME = cmu_asa_app;
			};
			name = Debug;
		};
		F3603C4D2469F68100BC91A6 /* Release */ = {
			isa = XCBuildConfiguration;
			buildSettings = {
				ALWAYS_EMBED_SWIFT_STANDARD_LIBRARIES = YES;
				CODE_SIGN_STYLE = Automatic;
				INFOPLIST_FILE = cmu_asa_appUITests/Info.plist;
				LD_RUNPATH_SEARCH_PATHS = (
					"$(inherited)",
					"@executable_path/Frameworks",
					"@loader_path/Frameworks",
				);
				PRODUCT_BUNDLE_IDENTIFIER = "CMU-ASA-2020.cmu-asa-appUITests";
				PRODUCT_NAME = "$(TARGET_NAME)";
				SWIFT_VERSION = 5.0;
				TARGETED_DEVICE_FAMILY = "1,2";
				TEST_TARGET_NAME = cmu_asa_app;
			};
			name = Release;
		};
/* End XCBuildConfiguration section */

/* Begin XCConfigurationList section */
		F3603C162469F67E00BC91A6 /* Build configuration list for PBXProject "cmu_asa_app" */ = {
			isa = XCConfigurationList;
			buildConfigurations = (
				F3603C432469F68100BC91A6 /* Debug */,
				F3603C442469F68100BC91A6 /* Release */,
			);
			defaultConfigurationIsVisible = 0;
			defaultConfigurationName = Release;
		};
		F3603C452469F68100BC91A6 /* Build configuration list for PBXNativeTarget "cmu_asa_app" */ = {
			isa = XCConfigurationList;
			buildConfigurations = (
				F3603C462469F68100BC91A6 /* Debug */,
				F3603C472469F68100BC91A6 /* Release */,
			);
			defaultConfigurationIsVisible = 0;
			defaultConfigurationName = Release;
		};
		F3603C482469F68100BC91A6 /* Build configuration list for PBXNativeTarget "cmu_asa_appTests" */ = {
			isa = XCConfigurationList;
			buildConfigurations = (
				F3603C492469F68100BC91A6 /* Debug */,
				F3603C4A2469F68100BC91A6 /* Release */,
			);
			defaultConfigurationIsVisible = 0;
			defaultConfigurationName = Release;
		};
		F3603C4B2469F68100BC91A6 /* Build configuration list for PBXNativeTarget "cmu_asa_appUITests" */ = {
			isa = XCConfigurationList;
			buildConfigurations = (
				F3603C4C2469F68100BC91A6 /* Debug */,
				F3603C4D2469F68100BC91A6 /* Release */,
			);
			defaultConfigurationIsVisible = 0;
			defaultConfigurationName = Release;
		};
/* End XCConfigurationList section */
	};
	rootObject = F3603C132469F67E00BC91A6 /* Project object */;
}
